
Microsoft Visual Studio Solution File, Format Version 12.00
# Visual Studio 15
VisualStudioVersion = 15.0.28307.1525
MinimumVisualStudioVersion = 10.0.40219.1
Project("{FAE04EC0-301F-11D3-BF4B-00C04F79EFBC}") = "DMV.BL", "DMV\DMV.BL.csproj", "{9771D9BC-20A8-4E8F-9D37-3A34E93DDB78}"
EndProject
Project("{FAE04EC0-301F-11D3-BF4B-00C04F79EFBC}") = "DMV.SL", "DMV.SL\DMV.SL.csproj", "{417FC7D2-079D-463A-81CC-5AF0F26D4C5D}"
EndProject
Project("{FAE04EC0-301F-11D3-BF4B-00C04F79EFBC}") = "DMV.FE", "DMV.FE\DMV.FE.csproj", "{D3B1B432-834A-4498-B2F3-ED6AACB5701D}"
EndProject
Global
	GlobalSection(SolutionConfigurationPlatforms) = preSolution
		Debug|Any CPU = Debug|Any CPU
		Release|Any CPU = Release|Any CPU
	EndGlobalSection
	GlobalSection(ProjectConfigurationPlatforms) = postSolution
		{9771D9BC-20A8-4E8F-9D37-3A34E93DDB78}.Debug|Any CPU.ActiveCfg = Debug|Any CPU
		{9771D9BC-20A8-4E8F-9D37-3A34E93DDB78}.Debug|Any CPU.Build.0 = Debug|Any CPU
		{9771D9BC-20A8-4E8F-9D37-3A34E93DDB78}.Release|Any CPU.ActiveCfg = Release|Any CPU
		{9771D9BC-20A8-4E8F-9D37-3A34E93DDB78}.Release|Any CPU.Build.0 = Release|Any CPU
		{417FC7D2-079D-463A-81CC-5AF0F26D4C5D}.Debug|Any CPU.ActiveCfg = Debug|Any CPU
		{417FC7D2-079D-463A-81CC-5AF0F26D4C5D}.Debug|Any CPU.Build.0 = Debug|Any CPU
		{417FC7D2-079D-463A-81CC-5AF0F26D4C5D}.Release|Any CPU.ActiveCfg = Release|Any CPU
		{417FC7D2-079D-463A-81CC-5AF0F26D4C5D}.Release|Any CPU.Build.0 = Release|Any CPU
		{D3B1B432-834A-4498-B2F3-ED6AACB5701D}.Debug|Any CPU.ActiveCfg = Debug|Any CPU
		{D3B1B432-834A-4498-B2F3-ED6AACB5701D}.Debug|Any CPU.Build.0 = Debug|Any CPU
		{D3B1B432-834A-4498-B2F3-ED6AACB5701D}.Release|Any CPU.ActiveCfg = Release|Any CPU
		{D3B1B432-834A-4498-B2F3-ED6AACB5701D}.Release|Any CPU.Build.0 = Release|Any CPU
	EndGlobalSection
	GlobalSection(SolutionProperties) = preSolution
		HideSolutionNode = FALSE
	EndGlobalSection
	GlobalSection(ExtensibilityGlobals) = postSolution
		SolutionGuid = {4FC3B7C9-8D4E-447F-8E07-BCA81C4BACBD}
	EndGlobalSection
EndGlobal
